
Microsoft Visual Studio Solution File, Format Version 12.00
# Visual Studio Version 17
VisualStudioVersion = 17.5.33502.453
MinimumVisualStudioVersion = 10.0.40219.1
Project("{FAE04EC0-301F-11D3-BF4B-00C04F79EFBC}") = "FlightBookingSystemV2", "FlightBookingSystemV2\FlightBookingSystemV2.csproj", "{CCD38075-176F-4436-AA48-D502231CE57D}"
EndProject
Global
	GlobalSection(SolutionConfigurationPlatforms) = preSolution
		Debug|Any CPU = Debug|Any CPU
		Release|Any CPU = Release|Any CPU
	EndGlobalSection
	GlobalSection(ProjectConfigurationPlatforms) = postSolution
		{CCD38075-176F-4436-AA48-D502231CE57D}.Debug|Any CPU.ActiveCfg = Debug|Any CPU
		{CCD38075-176F-4436-AA48-D502231CE57D}.Debug|Any CPU.Build.0 = Debug|Any CPU
		{CCD38075-176F-4436-AA48-D502231CE57D}.Release|Any CPU.ActiveCfg = Release|Any CPU
		{CCD38075-176F-4436-AA48-D502231CE57D}.Release|Any CPU.Build.0 = Release|Any CPU
	EndGlobalSection
	GlobalSection(SolutionProperties) = preSolution
		HideSolutionNode = FALSE
	EndGlobalSection
	GlobalSection(ExtensibilityGlobals) = postSolution
		SolutionGuid = {54F3B431-FD7F-41B6-A3EA-6B05F9BB7351}
	EndGlobalSection
EndGlobal
